// !$*UTF8*$!
{
	archiveVersion = 1;
	classes = {
	};
	objectVersion = 46;
	objects = {

/* Begin PBXBuildFile section */
		13443AF41D981F2D00B28A63 /* CLLocationCoordinate2D+BasicOperators.swift in Sources */ = {isa = PBXBuildFile; fileRef = 13443AF31D981F2D00B28A63 /* CLLocationCoordinate2D+BasicOperators.swift */; };
		13443AF51D981F2D00B28A63 /* CLLocationCoordinate2D+BasicOperators.swift in Sources */ = {isa = PBXBuildFile; fileRef = 13443AF31D981F2D00B28A63 /* CLLocationCoordinate2D+BasicOperators.swift */; };
		134B12C31EC1A70E009FC142 /* MinMaxLatLon.swift in Sources */ = {isa = PBXBuildFile; fileRef = 134B12C21EC1A70E009FC142 /* MinMaxLatLon.swift */; };
		134B12C41EC1A70E009FC142 /* MinMaxLatLon.swift in Sources */ = {isa = PBXBuildFile; fileRef = 134B12C21EC1A70E009FC142 /* MinMaxLatLon.swift */; };
		134B12C61EC1ACD9009FC142 /* BaseMultiPolygonOverlay.swift in Sources */ = {isa = PBXBuildFile; fileRef = 134B12C51EC1ACD9009FC142 /* BaseMultiPolygonOverlay.swift */; };
		134B12C71EC1ACD9009FC142 /* BaseMultiPolygonOverlay.swift in Sources */ = {isa = PBXBuildFile; fileRef = 134B12C51EC1ACD9009FC142 /* BaseMultiPolygonOverlay.swift */; };
		136B67A81EBC75B40094A315 /* CLLocationCoordinate2D+Zero.swift in Sources */ = {isa = PBXBuildFile; fileRef = 136B67A71EBC75B40094A315 /* CLLocationCoordinate2D+Zero.swift */; };
		136B67A91EBC75B40094A315 /* CLLocationCoordinate2D+Zero.swift in Sources */ = {isa = PBXBuildFile; fileRef = 136B67A71EBC75B40094A315 /* CLLocationCoordinate2D+Zero.swift */; };
		136B67AB1EBC764E0094A315 /* MKCoordinateRegion+isValid.swift in Sources */ = {isa = PBXBuildFile; fileRef = 136B67AA1EBC764E0094A315 /* MKCoordinateRegion+isValid.swift */; };
		136B67AC1EBC764E0094A315 /* MKCoordinateRegion+isValid.swift in Sources */ = {isa = PBXBuildFile; fileRef = 136B67AA1EBC764E0094A315 /* MKCoordinateRegion+isValid.swift */; };
		136B67AE1EBC91510094A315 /* MKCoordinate+MinMaxLatLon.swift in Sources */ = {isa = PBXBuildFile; fileRef = 136B67AD1EBC91510094A315 /* MKCoordinate+MinMaxLatLon.swift */; };
		136B67AF1EBC91510094A315 /* MKCoordinate+MinMaxLatLon.swift in Sources */ = {isa = PBXBuildFile; fileRef = 136B67AD1EBC91510094A315 /* MKCoordinate+MinMaxLatLon.swift */; };
		136B67B11EBC99780094A315 /* MKCoordinateRegion+MapRect.swift in Sources */ = {isa = PBXBuildFile; fileRef = 136B67B01EBC99780094A315 /* MKCoordinateRegion+MapRect.swift */; };
		136B67B21EBC99780094A315 /* MKCoordinateRegion+MapRect.swift in Sources */ = {isa = PBXBuildFile; fileRef = 136B67B01EBC99780094A315 /* MKCoordinateRegion+MapRect.swift */; };
		136B67B61EBCC67D0094A315 /* MKCoordinateRegion+Zero.swift in Sources */ = {isa = PBXBuildFile; fileRef = 136B67B51EBCC67D0094A315 /* MKCoordinateRegion+Zero.swift */; };
		136B67B71EBCC67D0094A315 /* MKCoordinateRegion+Zero.swift in Sources */ = {isa = PBXBuildFile; fileRef = 136B67B51EBCC67D0094A315 /* MKCoordinateRegion+Zero.swift */; };
		136B67B91EBCCB980094A315 /* MKMapRect+bbox.swift in Sources */ = {isa = PBXBuildFile; fileRef = 136B67B81EBCCB980094A315 /* MKMapRect+bbox.swift */; };
		136B67BA1EBCCB980094A315 /* MKMapRect+bbox.swift in Sources */ = {isa = PBXBuildFile; fileRef = 136B67B81EBCCB980094A315 /* MKMapRect+bbox.swift */; };
		136B67BC1EBCCC780094A315 /* MKMapSize+area.swift in Sources */ = {isa = PBXBuildFile; fileRef = 136B67BB1EBCCC780094A315 /* MKMapSize+area.swift */; };
		136B67BD1EBCCC780094A315 /* MKMapSize+area.swift in Sources */ = {isa = PBXBuildFile; fileRef = 136B67BB1EBCCC780094A315 /* MKMapSize+area.swift */; };
		136B67BF1EBCD6110094A315 /* MKPolygon+Coordinates.swift in Sources */ = {isa = PBXBuildFile; fileRef = 136B67BE1EBCD6110094A315 /* MKPolygon+Coordinates.swift */; };
		136B67C01EBCD6110094A315 /* MKPolygon+Coordinates.swift in Sources */ = {isa = PBXBuildFile; fileRef = 136B67BE1EBCD6110094A315 /* MKPolygon+Coordinates.swift */; };
		136B67C21EBCDC930094A315 /* MKPolygon+MinMaxLatLon.swift in Sources */ = {isa = PBXBuildFile; fileRef = 136B67C11EBCDC930094A315 /* MKPolygon+MinMaxLatLon.swift */; };
		136B67C31EBCDC930094A315 /* MKPolygon+MinMaxLatLon.swift in Sources */ = {isa = PBXBuildFile; fileRef = 136B67C11EBCDC930094A315 /* MKPolygon+MinMaxLatLon.swift */; };
		136B67C51EBCDE030094A315 /* MKTileOverlayPath+ProjectionUtils.swift in Sources */ = {isa = PBXBuildFile; fileRef = 136B67C41EBCDE030094A315 /* MKTileOverlayPath+ProjectionUtils.swift */; };
		136B67C61EBCDE030094A315 /* MKTileOverlayPath+ProjectionUtils.swift in Sources */ = {isa = PBXBuildFile; fileRef = 136B67C41EBCDE030094A315 /* MKTileOverlayPath+ProjectionUtils.swift */; };
		136B67C81EBCE2D90094A315 /* MKPolygon+WKT.swift in Sources */ = {isa = PBXBuildFile; fileRef = 136B67C71EBCE2D90094A315 /* MKPolygon+WKT.swift */; };
		136B67C91EBCE2D90094A315 /* MKPolygon+WKT.swift in Sources */ = {isa = PBXBuildFile; fileRef = 136B67C71EBCE2D90094A315 /* MKPolygon+WKT.swift */; };
		136B67CB1EBDA6C10094A315 /* WKTParser.swift in Sources */ = {isa = PBXBuildFile; fileRef = 136B67CA1EBDA6C10094A315 /* WKTParser.swift */; };
		136B67CC1EBDA6C40094A315 /* WKTParser.swift in Sources */ = {isa = PBXBuildFile; fileRef = 136B67CA1EBDA6C10094A315 /* WKTParser.swift */; };
		1398FA441ED2EA73006C05CC /* CLLocationCoordinate2D+Area.swift in Sources */ = {isa = PBXBuildFile; fileRef = 1398FA431ED2EA73006C05CC /* CLLocationCoordinate2D+Area.swift */; };
		1398FA451ED2EA73006C05CC /* CLLocationCoordinate2D+Area.swift in Sources */ = {isa = PBXBuildFile; fileRef = 1398FA431ED2EA73006C05CC /* CLLocationCoordinate2D+Area.swift */; };
		13DB08571D96D0A600C14018 /* CGRect+Utilities.test.swift in Sources */ = {isa = PBXBuildFile; fileRef = 13DB08561D96D0A600C14018 /* CGRect+Utilities.test.swift */; };
		13DB08581D96D0A600C14018 /* CGRect+Utilities.test.swift in Sources */ = {isa = PBXBuildFile; fileRef = 13DB08561D96D0A600C14018 /* CGRect+Utilities.test.swift */; };
		49867917AEE5DB5D015BC602 /* Pods_Tests_iOS.framework in Frameworks */ = {isa = PBXBuildFile; fileRef = 3AA990F8D4BC1F4177444EF9 /* Pods_Tests_iOS.framework */; };
		ED7F5BDE303FC75E7EC0CC31 /* Pods_Tests_macOS.framework in Frameworks */ = {isa = PBXBuildFile; fileRef = 48C3C71ABF16307598B6DBBE /* Pods_Tests_macOS.framework */; };
/* End PBXBuildFile section */

/* Begin PBXFileReference section */
		043E17FCF32BC372565A8C75 /* Pods_GeometryUtilities_macOS.framework */ = {isa = PBXFileReference; explicitFileType = wrapper.framework; includeInIndex = 0; path = Pods_GeometryUtilities_macOS.framework; sourceTree = BUILT_PRODUCTS_DIR; };
		13443AF31D981F2D00B28A63 /* CLLocationCoordinate2D+BasicOperators.swift */ = {isa = PBXFileReference; fileEncoding = 4; lastKnownFileType = sourcecode.swift; name = "CLLocationCoordinate2D+BasicOperators.swift"; path = "../Test/CLLocationCoordinate2D+BasicOperators.swift"; sourceTree = "<group>"; };
		134B12C21EC1A70E009FC142 /* MinMaxLatLon.swift */ = {isa = PBXFileReference; fileEncoding = 4; lastKnownFileType = sourcecode.swift; name = MinMaxLatLon.swift; path = ../Test/MinMaxLatLon.swift; sourceTree = "<group>"; };
		134B12C51EC1ACD9009FC142 /* BaseMultiPolygonOverlay.swift */ = {isa = PBXFileReference; fileEncoding = 4; lastKnownFileType = sourcecode.swift; name = BaseMultiPolygonOverlay.swift; path = ../Test/BaseMultiPolygonOverlay.swift; sourceTree = "<group>"; };
		136B67A71EBC75B40094A315 /* CLLocationCoordinate2D+Zero.swift */ = {isa = PBXFileReference; fileEncoding = 4; lastKnownFileType = sourcecode.swift; name = "CLLocationCoordinate2D+Zero.swift"; path = "../Test/CLLocationCoordinate2D+Zero.swift"; sourceTree = "<group>"; };
		136B67AA1EBC764E0094A315 /* MKCoordinateRegion+isValid.swift */ = {isa = PBXFileReference; fileEncoding = 4; lastKnownFileType = sourcecode.swift; name = "MKCoordinateRegion+isValid.swift"; path = "../Test/MKCoordinateRegion+isValid.swift"; sourceTree = "<group>"; };
		136B67AD1EBC91510094A315 /* MKCoordinate+MinMaxLatLon.swift */ = {isa = PBXFileReference; fileEncoding = 4; lastKnownFileType = sourcecode.swift; name = "MKCoordinate+MinMaxLatLon.swift"; path = "../Test/MKCoordinate+MinMaxLatLon.swift"; sourceTree = "<group>"; };
		136B67B01EBC99780094A315 /* MKCoordinateRegion+MapRect.swift */ = {isa = PBXFileReference; fileEncoding = 4; lastKnownFileType = sourcecode.swift; name = "MKCoordinateRegion+MapRect.swift"; path = "../Test/MKCoordinateRegion+MapRect.swift"; sourceTree = "<group>"; };
		136B67B51EBCC67D0094A315 /* MKCoordinateRegion+Zero.swift */ = {isa = PBXFileReference; fileEncoding = 4; lastKnownFileType = sourcecode.swift; name = "MKCoordinateRegion+Zero.swift"; path = "../Test/MKCoordinateRegion+Zero.swift"; sourceTree = "<group>"; };
		136B67B81EBCCB980094A315 /* MKMapRect+bbox.swift */ = {isa = PBXFileReference; fileEncoding = 4; lastKnownFileType = sourcecode.swift; name = "MKMapRect+bbox.swift"; path = "../Test/MKMapRect+bbox.swift"; sourceTree = "<group>"; };
		136B67BB1EBCCC780094A315 /* MKMapSize+area.swift */ = {isa = PBXFileReference; fileEncoding = 4; lastKnownFileType = sourcecode.swift; name = "MKMapSize+area.swift"; path = "../Test/MKMapSize+area.swift"; sourceTree = "<group>"; };
		136B67BE1EBCD6110094A315 /* MKPolygon+Coordinates.swift */ = {isa = PBXFileReference; fileEncoding = 4; lastKnownFileType = sourcecode.swift; name = "MKPolygon+Coordinates.swift"; path = "../Test/MKPolygon+Coordinates.swift"; sourceTree = "<group>"; };
		136B67C11EBCDC930094A315 /* MKPolygon+MinMaxLatLon.swift */ = {isa = PBXFileReference; fileEncoding = 4; lastKnownFileType = sourcecode.swift; name = "MKPolygon+MinMaxLatLon.swift"; path = "../Test/MKPolygon+MinMaxLatLon.swift"; sourceTree = "<group>"; };
		136B67C41EBCDE030094A315 /* MKTileOverlayPath+ProjectionUtils.swift */ = {isa = PBXFileReference; fileEncoding = 4; lastKnownFileType = sourcecode.swift; name = "MKTileOverlayPath+ProjectionUtils.swift"; path = "../Test/MKTileOverlayPath+ProjectionUtils.swift"; sourceTree = "<group>"; };
		136B67C71EBCE2D90094A315 /* MKPolygon+WKT.swift */ = {isa = PBXFileReference; fileEncoding = 4; lastKnownFileType = sourcecode.swift; name = "MKPolygon+WKT.swift"; path = "../Test/MKPolygon+WKT.swift"; sourceTree = "<group>"; };
		136B67CA1EBDA6C10094A315 /* WKTParser.swift */ = {isa = PBXFileReference; fileEncoding = 4; lastKnownFileType = sourcecode.swift; name = WKTParser.swift; path = ../Test/WKTParser.swift; sourceTree = "<group>"; };
		1398FA431ED2EA73006C05CC /* CLLocationCoordinate2D+Area.swift */ = {isa = PBXFileReference; fileEncoding = 4; lastKnownFileType = sourcecode.swift; name = "CLLocationCoordinate2D+Area.swift"; path = "../Test/CLLocationCoordinate2D+Area.swift"; sourceTree = "<group>"; };
		13DB083E1D96CFE400C14018 /* Tests-iOS.xctest */ = {isa = PBXFileReference; explicitFileType = wrapper.cfbundle; includeInIndex = 0; path = "Tests-iOS.xctest"; sourceTree = BUILT_PRODUCTS_DIR; };
		13DB084B1D96CFF400C14018 /* Tests-macOS.xctest */ = {isa = PBXFileReference; explicitFileType = wrapper.cfbundle; includeInIndex = 0; path = "Tests-macOS.xctest"; sourceTree = BUILT_PRODUCTS_DIR; };
		13DB08561D96D0A600C14018 /* CGRect+Utilities.test.swift */ = {isa = PBXFileReference; fileEncoding = 4; lastKnownFileType = sourcecode.swift; name = "CGRect+Utilities.test.swift"; path = "../Test/CGRect+Utilities.test.swift"; sourceTree = "<group>"; };
		1B6D9232B0AD11C3AFA5FCD7 /* Pods-GeometryUtilities-macOS.debug.xcconfig */ = {isa = PBXFileReference; includeInIndex = 1; lastKnownFileType = text.xcconfig; name = "Pods-GeometryUtilities-macOS.debug.xcconfig"; path = "Pods/Target Support Files/Pods-GeometryUtilities-macOS/Pods-GeometryUtilities-macOS.debug.xcconfig"; sourceTree = "<group>"; };
		31F0622D2947C629E6F009CB /* Pods-GeometryUtilities-iOS.release.xcconfig */ = {isa = PBXFileReference; includeInIndex = 1; lastKnownFileType = text.xcconfig; name = "Pods-GeometryUtilities-iOS.release.xcconfig"; path = "Pods/Target Support Files/Pods-GeometryUtilities-iOS/Pods-GeometryUtilities-iOS.release.xcconfig"; sourceTree = "<group>"; };
		32465D0A9B83646E6D4E8746 /* Pods-Tests-iOS.release.xcconfig */ = {isa = PBXFileReference; includeInIndex = 1; lastKnownFileType = text.xcconfig; name = "Pods-Tests-iOS.release.xcconfig"; path = "Pods/Target Support Files/Pods-Tests-iOS/Pods-Tests-iOS.release.xcconfig"; sourceTree = "<group>"; };
		3AA990F8D4BC1F4177444EF9 /* Pods_Tests_iOS.framework */ = {isa = PBXFileReference; explicitFileType = wrapper.framework; includeInIndex = 0; path = Pods_Tests_iOS.framework; sourceTree = BUILT_PRODUCTS_DIR; };
		48C3C71ABF16307598B6DBBE /* Pods_Tests_macOS.framework */ = {isa = PBXFileReference; explicitFileType = wrapper.framework; includeInIndex = 0; path = Pods_Tests_macOS.framework; sourceTree = BUILT_PRODUCTS_DIR; };
		655219EAC2C71D78D7EF8DA1 /* Pods-Tests-macOS.debug.xcconfig */ = {isa = PBXFileReference; includeInIndex = 1; lastKnownFileType = text.xcconfig; name = "Pods-Tests-macOS.debug.xcconfig"; path = "Pods/Target Support Files/Pods-Tests-macOS/Pods-Tests-macOS.debug.xcconfig"; sourceTree = "<group>"; };
		6EDA3AE6DD9573F0B0695C46 /* Pods-GeometryUtilities-iOS.debug.xcconfig */ = {isa = PBXFileReference; includeInIndex = 1; lastKnownFileType = text.xcconfig; name = "Pods-GeometryUtilities-iOS.debug.xcconfig"; path = "Pods/Target Support Files/Pods-GeometryUtilities-iOS/Pods-GeometryUtilities-iOS.debug.xcconfig"; sourceTree = "<group>"; };
		7E388EEA5B7A33042C4E66F7 /* Pods-Tests-iOS.debug.xcconfig */ = {isa = PBXFileReference; includeInIndex = 1; lastKnownFileType = text.xcconfig; name = "Pods-Tests-iOS.debug.xcconfig"; path = "Pods/Target Support Files/Pods-Tests-iOS/Pods-Tests-iOS.debug.xcconfig"; sourceTree = "<group>"; };
		BBDD4A73B7B9CCFB959EC960 /* Pods-GeometryUtilities-macOS.release.xcconfig */ = {isa = PBXFileReference; includeInIndex = 1; lastKnownFileType = text.xcconfig; name = "Pods-GeometryUtilities-macOS.release.xcconfig"; path = "Pods/Target Support Files/Pods-GeometryUtilities-macOS/Pods-GeometryUtilities-macOS.release.xcconfig"; sourceTree = "<group>"; };
		C3402DC78D4EAA36606F5771 /* Pods-Tests-macOS.release.xcconfig */ = {isa = PBXFileReference; includeInIndex = 1; lastKnownFileType = text.xcconfig; name = "Pods-Tests-macOS.release.xcconfig"; path = "Pods/Target Support Files/Pods-Tests-macOS/Pods-Tests-macOS.release.xcconfig"; sourceTree = "<group>"; };
		FA7DAFD38373A823DA19267B /* Pods_GeometryUtilities_iOS.framework */ = {isa = PBXFileReference; explicitFileType = wrapper.framework; includeInIndex = 0; path = Pods_GeometryUtilities_iOS.framework; sourceTree = BUILT_PRODUCTS_DIR; };
/* End PBXFileReference section */

/* Begin PBXFrameworksBuildPhase section */
		13DB083B1D96CFE400C14018 /* Frameworks */ = {
			isa = PBXFrameworksBuildPhase;
			buildActionMask = 2147483647;
			files = (
				49867917AEE5DB5D015BC602 /* Pods_Tests_iOS.framework in Frameworks */,
			);
			runOnlyForDeploymentPostprocessing = 0;
		};
		13DB08481D96CFF400C14018 /* Frameworks */ = {
			isa = PBXFrameworksBuildPhase;
			buildActionMask = 2147483647;
			files = (
				ED7F5BDE303FC75E7EC0CC31 /* Pods_Tests_macOS.framework in Frameworks */,
			);
			runOnlyForDeploymentPostprocessing = 0;
		};
/* End PBXFrameworksBuildPhase section */

/* Begin PBXGroup section */
		13DB08331D96CFD700C14018 = {
			isa = PBXGroup;
			children = (
				13DB08591D96D0A900C14018 /* Test */,
				13DB083F1D96CFE400C14018 /* Products */,
				A6B4229A270A44113EA2AAA5 /* Pods */,
				9A1435F5DBABA1135ED95548 /* Frameworks */,
			);
			sourceTree = "<group>";
		};
		13DB083F1D96CFE400C14018 /* Products */ = {
			isa = PBXGroup;
			children = (
				13DB083E1D96CFE400C14018 /* Tests-iOS.xctest */,
				13DB084B1D96CFF400C14018 /* Tests-macOS.xctest */,
			);
			name = Products;
			sourceTree = "<group>";
		};
		13DB08591D96D0A900C14018 /* Test */ = {
			isa = PBXGroup;
			children = (
				13DB08561D96D0A600C14018 /* CGRect+Utilities.test.swift */,
				13443AF31D981F2D00B28A63 /* CLLocationCoordinate2D+BasicOperators.swift */,
				136B67A71EBC75B40094A315 /* CLLocationCoordinate2D+Zero.swift */,
				1398FA431ED2EA73006C05CC /* CLLocationCoordinate2D+Area.swift */,
				136B67AA1EBC764E0094A315 /* MKCoordinateRegion+isValid.swift */,
				136B67AD1EBC91510094A315 /* MKCoordinate+MinMaxLatLon.swift */,
				136B67B01EBC99780094A315 /* MKCoordinateRegion+MapRect.swift */,
				136B67B51EBCC67D0094A315 /* MKCoordinateRegion+Zero.swift */,
				136B67B81EBCCB980094A315 /* MKMapRect+bbox.swift */,
				136B67BB1EBCCC780094A315 /* MKMapSize+area.swift */,
				136B67BE1EBCD6110094A315 /* MKPolygon+Coordinates.swift */,
				136B67C11EBCDC930094A315 /* MKPolygon+MinMaxLatLon.swift */,
				136B67C41EBCDE030094A315 /* MKTileOverlayPath+ProjectionUtils.swift */,
				136B67C71EBCE2D90094A315 /* MKPolygon+WKT.swift */,
				134B12C51EC1ACD9009FC142 /* BaseMultiPolygonOverlay.swift */,
				134B12C21EC1A70E009FC142 /* MinMaxLatLon.swift */,
				136B67CA1EBDA6C10094A315 /* WKTParser.swift */,
			);
			name = Test;
			sourceTree = "<group>";
		};
		9A1435F5DBABA1135ED95548 /* Frameworks */ = {
			isa = PBXGroup;
			children = (
				FA7DAFD38373A823DA19267B /* Pods_GeometryUtilities_iOS.framework */,
				043E17FCF32BC372565A8C75 /* Pods_GeometryUtilities_macOS.framework */,
				3AA990F8D4BC1F4177444EF9 /* Pods_Tests_iOS.framework */,
				48C3C71ABF16307598B6DBBE /* Pods_Tests_macOS.framework */,
			);
			name = Frameworks;
			sourceTree = "<group>";
		};
		A6B4229A270A44113EA2AAA5 /* Pods */ = {
			isa = PBXGroup;
			children = (
				6EDA3AE6DD9573F0B0695C46 /* Pods-GeometryUtilities-iOS.debug.xcconfig */,
				31F0622D2947C629E6F009CB /* Pods-GeometryUtilities-iOS.release.xcconfig */,
				1B6D9232B0AD11C3AFA5FCD7 /* Pods-GeometryUtilities-macOS.debug.xcconfig */,
				BBDD4A73B7B9CCFB959EC960 /* Pods-GeometryUtilities-macOS.release.xcconfig */,
				7E388EEA5B7A33042C4E66F7 /* Pods-Tests-iOS.debug.xcconfig */,
				32465D0A9B83646E6D4E8746 /* Pods-Tests-iOS.release.xcconfig */,
				655219EAC2C71D78D7EF8DA1 /* Pods-Tests-macOS.debug.xcconfig */,
				C3402DC78D4EAA36606F5771 /* Pods-Tests-macOS.release.xcconfig */,
			);
			name = Pods;
			sourceTree = "<group>";
		};
/* End PBXGroup section */

/* Begin PBXNativeTarget section */
		13DB083D1D96CFE400C14018 /* Tests-iOS */ = {
			isa = PBXNativeTarget;
			buildConfigurationList = 13DB08441D96CFE400C14018 /* Build configuration list for PBXNativeTarget "Tests-iOS" */;
			buildPhases = (
				535C32B9100E57FAC2CF9E45 /* [CP] Check Pods Manifest.lock */,
				13DB083A1D96CFE400C14018 /* Sources */,
				13DB083B1D96CFE400C14018 /* Frameworks */,
				13DB083C1D96CFE400C14018 /* Resources */,
				4CA4EA5D88AAC7AFA7BA8498 /* [CP] Embed Pods Frameworks */,
				ACB54015354239CD07640BF9 /* [CP] Copy Pods Resources */,
			);
			buildRules = (
			);
			dependencies = (
			);
			name = "Tests-iOS";
			productName = "GeometryUtilities-iOS";
			productReference = 13DB083E1D96CFE400C14018 /* Tests-iOS.xctest */;
			productType = "com.apple.product-type.bundle.unit-test";
		};
		13DB084A1D96CFF400C14018 /* Tests-macOS */ = {
			isa = PBXNativeTarget;
			buildConfigurationList = 13DB08501D96CFF400C14018 /* Build configuration list for PBXNativeTarget "Tests-macOS" */;
			buildPhases = (
				6E09D22D38FCA941CBBAF93A /* [CP] Check Pods Manifest.lock */,
				13DB08471D96CFF400C14018 /* Sources */,
				13DB08481D96CFF400C14018 /* Frameworks */,
				13DB08491D96CFF400C14018 /* Resources */,
				1FAC1FDCEEBAF362D2BFA3B2 /* [CP] Embed Pods Frameworks */,
				FF6878796AA39AA903E1B5DB /* [CP] Copy Pods Resources */,
			);
			buildRules = (
			);
			dependencies = (
			);
			name = "Tests-macOS";
			productName = "GeometryUtilities-macOS";
			productReference = 13DB084B1D96CFF400C14018 /* Tests-macOS.xctest */;
			productType = "com.apple.product-type.bundle.unit-test";
		};
/* End PBXNativeTarget section */

/* Begin PBXProject section */
		13DB08341D96CFD700C14018 /* Project object */ = {
			isa = PBXProject;
			attributes = {
				LastSwiftUpdateCheck = 0730;
				LastUpgradeCheck = 0800;
				TargetAttributes = {
					13DB083D1D96CFE400C14018 = {
						CreatedOnToolsVersion = 7.3.1;
						LastSwiftMigration = 0810;
					};
					13DB084A1D96CFF400C14018 = {
						CreatedOnToolsVersion = 7.3.1;
						LastSwiftMigration = 0800;
					};
				};
			};
			buildConfigurationList = 13DB08371D96CFD700C14018 /* Build configuration list for PBXProject "Example" */;
			compatibilityVersion = "Xcode 3.2";
			developmentRegion = English;
			hasScannedForEncodings = 0;
			knownRegions = (
				en,
			);
			mainGroup = 13DB08331D96CFD700C14018;
			productRefGroup = 13DB083F1D96CFE400C14018 /* Products */;
			projectDirPath = "";
			projectRoot = "";
			targets = (
				13DB083D1D96CFE400C14018 /* Tests-iOS */,
				13DB084A1D96CFF400C14018 /* Tests-macOS */,
			);
		};
/* End PBXProject section */

/* Begin PBXResourcesBuildPhase section */
		13DB083C1D96CFE400C14018 /* Resources */ = {
			isa = PBXResourcesBuildPhase;
			buildActionMask = 2147483647;
			files = (
			);
			runOnlyForDeploymentPostprocessing = 0;
		};
		13DB08491D96CFF400C14018 /* Resources */ = {
			isa = PBXResourcesBuildPhase;
			buildActionMask = 2147483647;
			files = (
			);
			runOnlyForDeploymentPostprocessing = 0;
		};
/* End PBXResourcesBuildPhase section */

/* Begin PBXShellScriptBuildPhase section */
		1FAC1FDCEEBAF362D2BFA3B2 /* [CP] Embed Pods Frameworks */ = {
			isa = PBXShellScriptBuildPhase;
			buildActionMask = 2147483647;
			files = (
			);
			inputPaths = (
			);
			name = "[CP] Embed Pods Frameworks";
			outputPaths = (
			);
			runOnlyForDeploymentPostprocessing = 0;
			shellPath = /bin/sh;
			shellScript = "\"${SRCROOT}/Pods/Target Support Files/Pods-Tests-macOS/Pods-Tests-macOS-frameworks.sh\"\n";
			showEnvVarsInLog = 0;
		};
		4CA4EA5D88AAC7AFA7BA8498 /* [CP] Embed Pods Frameworks */ = {
			isa = PBXShellScriptBuildPhase;
			buildActionMask = 2147483647;
			files = (
			);
			inputPaths = (
			);
			name = "[CP] Embed Pods Frameworks";
			outputPaths = (
			);
			runOnlyForDeploymentPostprocessing = 0;
			shellPath = /bin/sh;
			shellScript = "\"${SRCROOT}/Pods/Target Support Files/Pods-Tests-iOS/Pods-Tests-iOS-frameworks.sh\"\n";
			showEnvVarsInLog = 0;
		};
		535C32B9100E57FAC2CF9E45 /* [CP] Check Pods Manifest.lock */ = {
			isa = PBXShellScriptBuildPhase;
			buildActionMask = 2147483647;
			files = (
			);
			inputPaths = (
			);
			name = "[CP] Check Pods Manifest.lock";
			outputPaths = (
			);
			runOnlyForDeploymentPostprocessing = 0;
			shellPath = /bin/sh;
			shellScript = "diff \"${PODS_PODFILE_DIR_PATH}/Podfile.lock\" \"${PODS_ROOT}/Manifest.lock\" > /dev/null\nif [ $? != 0 ] ; then\n    # print error to STDERR\n    echo \"error: The sandbox is not in sync with the Podfile.lock. Run 'pod install' or update your CocoaPods installation.\" >&2\n    exit 1\nfi\n";
			showEnvVarsInLog = 0;
		};
		6E09D22D38FCA941CBBAF93A /* [CP] Check Pods Manifest.lock */ = {
			isa = PBXShellScriptBuildPhase;
			buildActionMask = 2147483647;
			files = (
			);
			inputPaths = (
			);
			name = "[CP] Check Pods Manifest.lock";
			outputPaths = (
			);
			runOnlyForDeploymentPostprocessing = 0;
			shellPath = /bin/sh;
			shellScript = "diff \"${PODS_PODFILE_DIR_PATH}/Podfile.lock\" \"${PODS_ROOT}/Manifest.lock\" > /dev/null\nif [ $? != 0 ] ; then\n    # print error to STDERR\n    echo \"error: The sandbox is not in sync with the Podfile.lock. Run 'pod install' or update your CocoaPods installation.\" >&2\n    exit 1\nfi\n";
			showEnvVarsInLog = 0;
		};
		ACB54015354239CD07640BF9 /* [CP] Copy Pods Resources */ = {
			isa = PBXShellScriptBuildPhase;
			buildActionMask = 2147483647;
			files = (
			);
			inputPaths = (
			);
			name = "[CP] Copy Pods Resources";
			outputPaths = (
			);
			runOnlyForDeploymentPostprocessing = 0;
			shellPath = /bin/sh;
			shellScript = "\"${SRCROOT}/Pods/Target Support Files/Pods-Tests-iOS/Pods-Tests-iOS-resources.sh\"\n";
			showEnvVarsInLog = 0;
		};
		FF6878796AA39AA903E1B5DB /* [CP] Copy Pods Resources */ = {
			isa = PBXShellScriptBuildPhase;
			buildActionMask = 2147483647;
			files = (
			);
			inputPaths = (
			);
			name = "[CP] Copy Pods Resources";
			outputPaths = (
			);
			runOnlyForDeploymentPostprocessing = 0;
			shellPath = /bin/sh;
			shellScript = "\"${SRCROOT}/Pods/Target Support Files/Pods-Tests-macOS/Pods-Tests-macOS-resources.sh\"\n";
			showEnvVarsInLog = 0;
		};
/* End PBXShellScriptBuildPhase section */

/* Begin PBXSourcesBuildPhase section */
		13DB083A1D96CFE400C14018 /* Sources */ = {
			isa = PBXSourcesBuildPhase;
			buildActionMask = 2147483647;
			files = (
				136B67AB1EBC764E0094A315 /* MKCoordinateRegion+isValid.swift in Sources */,
				136B67B91EBCCB980094A315 /* MKMapRect+bbox.swift in Sources */,
				136B67C21EBCDC930094A315 /* MKPolygon+MinMaxLatLon.swift in Sources */,
				136B67CB1EBDA6C10094A315 /* WKTParser.swift in Sources */,
				136B67BC1EBCCC780094A315 /* MKMapSize+area.swift in Sources */,
				13443AF41D981F2D00B28A63 /* CLLocationCoordinate2D+BasicOperators.swift in Sources */,
				134B12C31EC1A70E009FC142 /* MinMaxLatLon.swift in Sources */,
				136B67AE1EBC91510094A315 /* MKCoordinate+MinMaxLatLon.swift in Sources */,
				134B12C61EC1ACD9009FC142 /* BaseMultiPolygonOverlay.swift in Sources */,
				136B67BF1EBCD6110094A315 /* MKPolygon+Coordinates.swift in Sources */,
				13DB08571D96D0A600C14018 /* CGRect+Utilities.test.swift in Sources */,
				1398FA441ED2EA73006C05CC /* CLLocationCoordinate2D+Area.swift in Sources */,
				136B67C51EBCDE030094A315 /* MKTileOverlayPath+ProjectionUtils.swift in Sources */,
				136B67B61EBCC67D0094A315 /* MKCoordinateRegion+Zero.swift in Sources */,
				136B67B11EBC99780094A315 /* MKCoordinateRegion+MapRect.swift in Sources */,
				136B67A81EBC75B40094A315 /* CLLocationCoordinate2D+Zero.swift in Sources */,
				136B67C81EBCE2D90094A315 /* MKPolygon+WKT.swift in Sources */,
			);
			runOnlyForDeploymentPostprocessing = 0;
		};
		13DB08471D96CFF400C14018 /* Sources */ = {
			isa = PBXSourcesBuildPhase;
			buildActionMask = 2147483647;
			files = (
				136B67AC1EBC764E0094A315 /* MKCoordinateRegion+isValid.swift in Sources */,
				136B67BA1EBCCB980094A315 /* MKMapRect+bbox.swift in Sources */,
				136B67C31EBCDC930094A315 /* MKPolygon+MinMaxLatLon.swift in Sources */,
				136B67CC1EBDA6C40094A315 /* WKTParser.swift in Sources */,
				136B67BD1EBCCC780094A315 /* MKMapSize+area.swift in Sources */,
				13443AF51D981F2D00B28A63 /* CLLocationCoordinate2D+BasicOperators.swift in Sources */,
				134B12C41EC1A70E009FC142 /* MinMaxLatLon.swift in Sources */,
				136B67AF1EBC91510094A315 /* MKCoordinate+MinMaxLatLon.swift in Sources */,
				134B12C71EC1ACD9009FC142 /* BaseMultiPolygonOverlay.swift in Sources */,
				136B67C01EBCD6110094A315 /* MKPolygon+Coordinates.swift in Sources */,
				13DB08581D96D0A600C14018 /* CGRect+Utilities.test.swift in Sources */,
				1398FA451ED2EA73006C05CC /* CLLocationCoordinate2D+Area.swift in Sources */,
				136B67C61EBCDE030094A315 /* MKTileOverlayPath+ProjectionUtils.swift in Sources */,
				136B67B71EBCC67D0094A315 /* MKCoordinateRegion+Zero.swift in Sources */,
				136B67B21EBC99780094A315 /* MKCoordinateRegion+MapRect.swift in Sources */,
				136B67A91EBC75B40094A315 /* CLLocationCoordinate2D+Zero.swift in Sources */,
				136B67C91EBCE2D90094A315 /* MKPolygon+WKT.swift in Sources */,
			);
			runOnlyForDeploymentPostprocessing = 0;
		};
/* End PBXSourcesBuildPhase section */

/* Begin XCBuildConfiguration section */
		13DB08381D96CFD700C14018 /* Debug */ = {
			isa = XCBuildConfiguration;
			buildSettings = {
				CLANG_WARN_BOOL_CONVERSION = YES;
				CLANG_WARN_CONSTANT_CONVERSION = YES;
				CLANG_WARN_EMPTY_BODY = YES;
				CLANG_WARN_ENUM_CONVERSION = YES;
				CLANG_WARN_INFINITE_RECURSION = YES;
				CLANG_WARN_INT_CONVERSION = YES;
				CLANG_WARN_SUSPICIOUS_MOVE = YES;
				CLANG_WARN_UNREACHABLE_CODE = YES;
				CLANG_WARN__DUPLICATE_METHOD_MATCH = YES;
				ENABLE_STRICT_OBJC_MSGSEND = YES;
				ENABLE_TESTABILITY = YES;
				GCC_NO_COMMON_BLOCKS = YES;
				GCC_WARN_64_TO_32_BIT_CONVERSION = YES;
				GCC_WARN_ABOUT_RETURN_TYPE = YES;
				GCC_WARN_UNDECLARED_SELECTOR = YES;
				GCC_WARN_UNINITIALIZED_AUTOS = YES;
				GCC_WARN_UNUSED_FUNCTION = YES;
				GCC_WARN_UNUSED_VARIABLE = YES;
				ONLY_ACTIVE_ARCH = YES;
				SWIFT_VERSION = 3.0;
			};
			name = Debug;
		};
		13DB08391D96CFD700C14018 /* Release */ = {
			isa = XCBuildConfiguration;
			buildSettings = {
				CLANG_WARN_BOOL_CONVERSION = YES;
				CLANG_WARN_CONSTANT_CONVERSION = YES;
				CLANG_WARN_EMPTY_BODY = YES;
				CLANG_WARN_ENUM_CONVERSION = YES;
				CLANG_WARN_INFINITE_RECURSION = YES;
				CLANG_WARN_INT_CONVERSION = YES;
				CLANG_WARN_SUSPICIOUS_MOVE = YES;
				CLANG_WARN_UNREACHABLE_CODE = YES;
				CLANG_WARN__DUPLICATE_METHOD_MATCH = YES;
				ENABLE_STRICT_OBJC_MSGSEND = YES;
				GCC_NO_COMMON_BLOCKS = YES;
				GCC_WARN_64_TO_32_BIT_CONVERSION = YES;
				GCC_WARN_ABOUT_RETURN_TYPE = YES;
				GCC_WARN_UNDECLARED_SELECTOR = YES;
				GCC_WARN_UNINITIALIZED_AUTOS = YES;
				GCC_WARN_UNUSED_FUNCTION = YES;
				GCC_WARN_UNUSED_VARIABLE = YES;
				SWIFT_OPTIMIZATION_LEVEL = "-Owholemodule";
				SWIFT_VERSION = 3.0;
			};
			name = Release;
		};
		13DB08451D96CFE400C14018 /* Debug */ = {
			isa = XCBuildConfiguration;
			baseConfigurationReference = 7E388EEA5B7A33042C4E66F7 /* Pods-Tests-iOS.debug.xcconfig */;
			buildSettings = {
				ALWAYS_SEARCH_USER_PATHS = NO;
				CLANG_ANALYZER_NONNULL = YES;
				CLANG_CXX_LANGUAGE_STANDARD = "gnu++0x";
				CLANG_CXX_LIBRARY = "libc++";
				CLANG_ENABLE_MODULES = YES;
				CLANG_ENABLE_OBJC_ARC = YES;
				CLANG_WARN_BOOL_CONVERSION = YES;
				CLANG_WARN_CONSTANT_CONVERSION = YES;
				CLANG_WARN_DIRECT_OBJC_ISA_USAGE = YES_ERROR;
				CLANG_WARN_EMPTY_BODY = YES;
				CLANG_WARN_ENUM_CONVERSION = YES;
				CLANG_WARN_INT_CONVERSION = YES;
				CLANG_WARN_OBJC_ROOT_CLASS = YES_ERROR;
				CLANG_WARN_UNREACHABLE_CODE = YES;
				CLANG_WARN__DUPLICATE_METHOD_MATCH = YES;
				"CODE_SIGN_IDENTITY[sdk=iphoneos*]" = "iPhone Developer";
				COPY_PHASE_STRIP = NO;
				DEBUG_INFORMATION_FORMAT = dwarf;
				ENABLE_STRICT_OBJC_MSGSEND = YES;
				ENABLE_TESTABILITY = YES;
				GCC_C_LANGUAGE_STANDARD = gnu99;
				GCC_DYNAMIC_NO_PIC = NO;
				GCC_NO_COMMON_BLOCKS = YES;
				GCC_OPTIMIZATION_LEVEL = 0;
				GCC_PREPROCESSOR_DEFINITIONS = (
					"DEBUG=1",
					"$(inherited)",
				);
				GCC_WARN_64_TO_32_BIT_CONVERSION = YES;
				GCC_WARN_ABOUT_RETURN_TYPE = YES_ERROR;
				GCC_WARN_UNDECLARED_SELECTOR = YES;
				GCC_WARN_UNINITIALIZED_AUTOS = YES_AGGRESSIVE;
				GCC_WARN_UNUSED_FUNCTION = YES;
				GCC_WARN_UNUSED_VARIABLE = YES;
				INFOPLIST_FILE = ../Test/Info.plist;
				IPHONEOS_DEPLOYMENT_TARGET = 9.3;
				LD_RUNPATH_SEARCH_PATHS = "$(inherited) @executable_path/Frameworks @loader_path/Frameworks";
				MTL_ENABLE_DEBUG_INFO = YES;
				ONLY_ACTIVE_ARCH = YES;
				PRODUCT_BUNDLE_IDENTIFIER = "is.llu.bravo.GeometryUtilities-iOS";
				PRODUCT_NAME = "$(TARGET_NAME)";
				SDKROOT = iphoneos;
				SWIFT_OPTIMIZATION_LEVEL = "-Onone";
				SWIFT_VERSION = 3.0;
			};
			name = Debug;
		};
		13DB08461D96CFE400C14018 /* Release */ = {
			isa = XCBuildConfiguration;
			baseConfigurationReference = 32465D0A9B83646E6D4E8746 /* Pods-Tests-iOS.release.xcconfig */;
			buildSettings = {
				ALWAYS_SEARCH_USER_PATHS = NO;
				CLANG_ANALYZER_NONNULL = YES;
				CLANG_CXX_LANGUAGE_STANDARD = "gnu++0x";
				CLANG_CXX_LIBRARY = "libc++";
				CLANG_ENABLE_MODULES = YES;
				CLANG_ENABLE_OBJC_ARC = YES;
				CLANG_WARN_BOOL_CONVERSION = YES;
				CLANG_WARN_CONSTANT_CONVERSION = YES;
				CLANG_WARN_DIRECT_OBJC_ISA_USAGE = YES_ERROR;
				CLANG_WARN_EMPTY_BODY = YES;
				CLANG_WARN_ENUM_CONVERSION = YES;
				CLANG_WARN_INT_CONVERSION = YES;
				CLANG_WARN_OBJC_ROOT_CLASS = YES_ERROR;
				CLANG_WARN_UNREACHABLE_CODE = YES;
				CLANG_WARN__DUPLICATE_METHOD_MATCH = YES;
				"CODE_SIGN_IDENTITY[sdk=iphoneos*]" = "iPhone Developer";
				COPY_PHASE_STRIP = NO;
				DEBUG_INFORMATION_FORMAT = "dwarf-with-dsym";
				ENABLE_NS_ASSERTIONS = NO;
				ENABLE_STRICT_OBJC_MSGSEND = YES;
				GCC_C_LANGUAGE_STANDARD = gnu99;
				GCC_NO_COMMON_BLOCKS = YES;
				GCC_WARN_64_TO_32_BIT_CONVERSION = YES;
				GCC_WARN_ABOUT_RETURN_TYPE = YES_ERROR;
				GCC_WARN_UNDECLARED_SELECTOR = YES;
				GCC_WARN_UNINITIALIZED_AUTOS = YES_AGGRESSIVE;
				GCC_WARN_UNUSED_FUNCTION = YES;
				GCC_WARN_UNUSED_VARIABLE = YES;
				INFOPLIST_FILE = ../Test/Info.plist;
				IPHONEOS_DEPLOYMENT_TARGET = 9.3;
				LD_RUNPATH_SEARCH_PATHS = "$(inherited) @executable_path/Frameworks @loader_path/Frameworks";
				MTL_ENABLE_DEBUG_INFO = NO;
				PRODUCT_BUNDLE_IDENTIFIER = "is.llu.bravo.GeometryUtilities-iOS";
				PRODUCT_NAME = "$(TARGET_NAME)";
				SDKROOT = iphoneos;
				SWIFT_VERSION = 3.0;
				VALIDATE_PRODUCT = YES;
			};
			name = Release;
		};
		13DB08511D96CFF400C14018 /* Debug */ = {
			isa = XCBuildConfiguration;
			baseConfigurationReference = 655219EAC2C71D78D7EF8DA1 /* Pods-Tests-macOS.debug.xcconfig */;
			buildSettings = {
				ALWAYS_SEARCH_USER_PATHS = NO;
				CLANG_ANALYZER_NONNULL = YES;
				CLANG_CXX_LANGUAGE_STANDARD = "gnu++0x";
				CLANG_CXX_LIBRARY = "libc++";
				CLANG_ENABLE_MODULES = YES;
				CLANG_ENABLE_OBJC_ARC = YES;
				CLANG_WARN_BOOL_CONVERSION = YES;
				CLANG_WARN_CONSTANT_CONVERSION = YES;
				CLANG_WARN_DIRECT_OBJC_ISA_USAGE = YES_ERROR;
				CLANG_WARN_EMPTY_BODY = YES;
				CLANG_WARN_ENUM_CONVERSION = YES;
				CLANG_WARN_INT_CONVERSION = YES;
				CLANG_WARN_OBJC_ROOT_CLASS = YES_ERROR;
				CLANG_WARN_UNREACHABLE_CODE = YES;
				CLANG_WARN__DUPLICATE_METHOD_MATCH = YES;
				CODE_SIGN_IDENTITY = "-";
				COMBINE_HIDPI_IMAGES = YES;
				COPY_PHASE_STRIP = NO;
				DEBUG_INFORMATION_FORMAT = dwarf;
				ENABLE_STRICT_OBJC_MSGSEND = YES;
				ENABLE_TESTABILITY = YES;
				GCC_C_LANGUAGE_STANDARD = gnu99;
				GCC_DYNAMIC_NO_PIC = NO;
				GCC_NO_COMMON_BLOCKS = YES;
				GCC_OPTIMIZATION_LEVEL = 0;
				GCC_PREPROCESSOR_DEFINITIONS = (
					"DEBUG=1",
					"$(inherited)",
				);
				GCC_WARN_64_TO_32_BIT_CONVERSION = YES;
				GCC_WARN_ABOUT_RETURN_TYPE = YES_ERROR;
				GCC_WARN_UNDECLARED_SELECTOR = YES;
				GCC_WARN_UNINITIALIZED_AUTOS = YES_AGGRESSIVE;
				GCC_WARN_UNUSED_FUNCTION = YES;
				GCC_WARN_UNUSED_VARIABLE = YES;
				INFOPLIST_FILE = ../Test/Info.plist;
				LD_RUNPATH_SEARCH_PATHS = "$(inherited) @executable_path/../Frameworks @loader_path/../Frameworks";
				MACOSX_DEPLOYMENT_TARGET = 10.12;
				MTL_ENABLE_DEBUG_INFO = YES;
				ONLY_ACTIVE_ARCH = YES;
				PRODUCT_BUNDLE_IDENTIFIER = "is.llu.bravo.GeometryUtilities-macOS";
				PRODUCT_NAME = "$(TARGET_NAME)";
				SDKROOT = macosx;
				SWIFT_OPTIMIZATION_LEVEL = "-Onone";
				SWIFT_VERSION = 3.0;
			};
			name = Debug;
		};
		13DB08521D96CFF400C14018 /* Release */ = {
			isa = XCBuildConfiguration;
			baseConfigurationReference = C3402DC78D4EAA36606F5771 /* Pods-Tests-macOS.release.xcconfig */;
			buildSettings = {
				ALWAYS_SEARCH_USER_PATHS = NO;
				CLANG_ANALYZER_NONNULL = YES;
				CLANG_CXX_LANGUAGE_STANDARD = "gnu++0x";
				CLANG_CXX_LIBRARY = "libc++";
				CLANG_ENABLE_MODULES = YES;
				CLANG_ENABLE_OBJC_ARC = YES;
				CLANG_WARN_BOOL_CONVERSION = YES;
				CLANG_WARN_CONSTANT_CONVERSION = YES;
				CLANG_WARN_DIRECT_OBJC_ISA_USAGE = YES_ERROR;
				CLANG_WARN_EMPTY_BODY = YES;
				CLANG_WARN_ENUM_CONVERSION = YES;
				CLANG_WARN_INT_CONVERSION = YES;
				CLANG_WARN_OBJC_ROOT_CLASS = YES_ERROR;
				CLANG_WARN_UNREACHABLE_CODE = YES;
				CLANG_WARN__DUPLICATE_METHOD_MATCH = YES;
				CODE_SIGN_IDENTITY = "-";
				COMBINE_HIDPI_IMAGES = YES;
				COPY_PHASE_STRIP = NO;
				DEBUG_INFORMATION_FORMAT = "dwarf-with-dsym";
				ENABLE_NS_ASSERTIONS = NO;
				ENABLE_STRICT_OBJC_MSGSEND = YES;
				GCC_C_LANGUAGE_STANDARD = gnu99;
				GCC_NO_COMMON_BLOCKS = YES;
				GCC_WARN_64_TO_32_BIT_CONVERSION = YES;
				GCC_WARN_ABOUT_RETURN_TYPE = YES_ERROR;
				GCC_WARN_UNDECLARED_SELECTOR = YES;
				GCC_WARN_UNINITIALIZED_AUTOS = YES_AGGRESSIVE;
				GCC_WARN_UNUSED_FUNCTION = YES;
				GCC_WARN_UNUSED_VARIABLE = YES;
				INFOPLIST_FILE = ../Test/Info.plist;
				LD_RUNPATH_SEARCH_PATHS = "$(inherited) @executable_path/../Frameworks @loader_path/../Frameworks";
				MACOSX_DEPLOYMENT_TARGET = 10.12;
				MTL_ENABLE_DEBUG_INFO = NO;
				PRODUCT_BUNDLE_IDENTIFIER = "is.llu.bravo.GeometryUtilities-macOS";
				PRODUCT_NAME = "$(TARGET_NAME)";
				SDKROOT = macosx;
				SWIFT_VERSION = 3.0;
			};
			name = Release;
		};
/* End XCBuildConfiguration section */

/* Begin XCConfigurationList section */
		13DB08371D96CFD700C14018 /* Build configuration list for PBXProject "Example" */ = {
			isa = XCConfigurationList;
			buildConfigurations = (
				13DB08381D96CFD700C14018 /* Debug */,
				13DB08391D96CFD700C14018 /* Release */,
			);
			defaultConfigurationIsVisible = 0;
			defaultConfigurationName = Release;
		};
		13DB08441D96CFE400C14018 /* Build configuration list for PBXNativeTarget "Tests-iOS" */ = {
			isa = XCConfigurationList;
			buildConfigurations = (
				13DB08451D96CFE400C14018 /* Debug */,
				13DB08461D96CFE400C14018 /* Release */,
			);
			defaultConfigurationIsVisible = 0;
			defaultConfigurationName = Release;
		};
		13DB08501D96CFF400C14018 /* Build configuration list for PBXNativeTarget "Tests-macOS" */ = {
			isa = XCConfigurationList;
			buildConfigurations = (
				13DB08511D96CFF400C14018 /* Debug */,
				13DB08521D96CFF400C14018 /* Release */,
			);
			defaultConfigurationIsVisible = 0;
			defaultConfigurationName = Release;
		};
/* End XCConfigurationList section */
	};
	rootObject = 13DB08341D96CFD700C14018 /* Project object */;
}
